# DO NOT EDIT MANUALLY - Managed by Fern Replay
version: "1.0"
generations:
  - commit_sha: 62c5e25784f9ebcc065efd6b04a1d8e913e8aeca
    tree_hash: 2fd122022facd1e9181e70a0100de15d798fe4fc
    timestamp: 2026-05-22T21:37:14.869Z
    cli_version: unknown
    generator_versions: {}
  - commit_sha: f02715649113b32bdbc65599827e50f3d50c58d9
    tree_hash: 7c1b801e2d8e9bcb493833cf8dceb4196ab9e3b4
    timestamp: 2026-07-15T17:01:39.886Z
    cli_version: unknown
    generator_versions:
      fernapi/fern-go-sdk: 1.34.10
  - commit_sha: a21dc34d0d25ae66a52b10c84c24a2ee1ab3f9a8
    tree_hash: 92bb49d7b20dbf5eef1f40d3403d97509c294b5d
    timestamp: 2026-07-29T16:00:48.822Z
    cli_version: unknown
    generator_versions:
      fernapi/fern-go-sdk: 1.49.5
current_generation: a21dc34d0d25ae66a52b10c84c24a2ee1ab3f9a8
patches: []
