# DO NOT EDIT MANUALLY - Managed by Fern Replay
version: "1.0"
generations:
  - commit_sha: 62c5e25784f9ebcc065efd6b04a1d8e913e8aeca
    tree_hash: 2fd122022facd1e9181e70a0100de15d798fe4fc
    timestamp: 2026-05-22T21:37:14.869Z
    cli_version: unknown
    generator_versions: {}
current_generation: 62c5e25784f9ebcc065efd6b04a1d8e913e8aeca
patches: []
